// !$*UTF8*$!
{
	archiveVersion = 1;
	classes = {
	};
	objectVersion = 46;
	objects = {

/* Begin PBXBuildFile section */
		28046C4F1C9EB70E00DFE7B2 /* LaunchScreen.xib in Resources */ = {isa = PBXBuildFile; fileRef = 28046C491C9EB70E00DFE7B2 /* LaunchScreen.xib */; };
		28046C501C9EB70E00DFE7B2 /* Main.storyboard in Resources */ = {isa = PBXBuildFile; fileRef = 28046C4B1C9EB70E00DFE7B2 /* Main.storyboard */; };
		28046C511C9EB70E00DFE7B2 /* Images.xcassets in Resources */ = {isa = PBXBuildFile; fileRef = 28046C4D1C9EB70E00DFE7B2 /* Images.xcassets */; };
		28046C5A1C9EB71300DFE7B2 /* main.m in Sources */ = {isa = PBXBuildFile; fileRef = 28046C561C9EB71300DFE7B2 /* main.m */; };
		28046C651C9EB84200DFE7B2 /* AppDelegate.m in Sources */ = {isa = PBXBuildFile; fileRef = 28046C5C1C9EB84200DFE7B2 /* AppDelegate.m */; };
		28046C661C9EB84200DFE7B2 /* CustomCell.m in Sources */ = {isa = PBXBuildFile; fileRef = 28046C5F1C9EB84200DFE7B2 /* CustomCell.m */; };
		28046C671C9EB84200DFE7B2 /* CustomCell.xib in Resources */ = {isa = PBXBuildFile; fileRef = 28046C601C9EB84200DFE7B2 /* CustomCell.xib */; };
		28046C681C9EB84200DFE7B2 /* TableVC.m in Sources */ = {isa = PBXBuildFile; fileRef = 28046C631C9EB84200DFE7B2 /* TableVC.m */; };
		28046C691C9EB84200DFE7B2 /* TableVC.xib in Resources */ = {isa = PBXBuildFile; fileRef = 28046C641C9EB84200DFE7B2 /* TableVC.xib */; };
		28046C6D1C9EBA9000DFE7B2 /* MainVC.m in Sources */ = {isa = PBXBuildFile; fileRef = 28046C6B1C9EBA9000DFE7B2 /* MainVC.m */; };
		28046C6E1C9EBA9000DFE7B2 /* MainVC.xib in Resources */ = {isa = PBXBuildFile; fileRef = 28046C6C1C9EBA9000DFE7B2 /* MainVC.xib */; };
		28046C711C9ECF5900DFE7B2 /* GitHubAPIController.m in Sources */ = {isa = PBXBuildFile; fileRef = 28046C701C9ECF5900DFE7B2 /* GitHubAPIController.m */; };
		282FF89E1CA9A4F300E9D2D9 /* NSString+LoginHelper.m in Sources */ = {isa = PBXBuildFile; fileRef = 282FF89D1CA9A4F300E9D2D9 /* NSString+LoginHelper.m */; };
		28C06F861CA325E5000C70F5 /* Repository.m in Sources */ = {isa = PBXBuildFile; fileRef = 28C06F851CA325E5000C70F5 /* Repository.m */; };
		2D1A18D27C033BF18F8CDD49 /* libPods.a in Frameworks */ = {isa = PBXBuildFile; fileRef = 38E3AB3B6AEC48B998DCFB9B /* libPods.a */; };
/* End PBXBuildFile section */

/* Begin PBXFileReference section */
		28046C1F1C9EB5F100DFE7B2 /* Lab_8.app */ = {isa = PBXFileReference; explicitFileType = wrapper.application; includeInIndex = 0; path = Lab_8.app; sourceTree = BUILT_PRODUCTS_DIR; };
		28046C4A1C9EB70E00DFE7B2 /* Base */ = {isa = PBXFileReference; lastKnownFileType = file.xib; name = Base; path = Base.lproj/LaunchScreen.xib; sourceTree = "<group>"; };
		28046C4C1C9EB70E00DFE7B2 /* Base */ = {isa = PBXFileReference; lastKnownFileType = file.storyboard; name = Base; path = Base.lproj/Main.storyboard; sourceTree = "<group>"; };
		28046C4D1C9EB70E00DFE7B2 /* Images.xcassets */ = {isa = PBXFileReference; lastKnownFileType = folder.assetcatalog; path = Images.xcassets; sourceTree = "<group>"; };
		28046C4E1C9EB70E00DFE7B2 /* Info.plist */ = {isa = PBXFileReference; fileEncoding = 4; lastKnownFileType = text.plist.xml; path = Info.plist; sourceTree = "<group>"; };
		28046C541C9EB71300DFE7B2 /* AppDelegate.h */ = {isa = PBXFileReference; fileEncoding = 4; lastKnownFileType = sourcecode.c.h; path = AppDelegate.h; sourceTree = "<group>"; };
		28046C561C9EB71300DFE7B2 /* main.m */ = {isa = PBXFileReference; fileEncoding = 4; lastKnownFileType = sourcecode.c.objc; path = main.m; sourceTree = "<group>"; };
		28046C5C1C9EB84200DFE7B2 /* AppDelegate.m */ = {isa = PBXFileReference; fileEncoding = 4; lastKnownFileType = sourcecode.c.objc; path = AppDelegate.m; sourceTree = "<group>"; };
		28046C5E1C9EB84200DFE7B2 /* CustomCell.h */ = {isa = PBXFileReference; fileEncoding = 4; lastKnownFileType = sourcecode.c.h; path = CustomCell.h; sourceTree = "<group>"; };
		28046C5F1C9EB84200DFE7B2 /* CustomCell.m */ = {isa = PBXFileReference; fileEncoding = 4; lastKnownFileType = sourcecode.c.objc; path = CustomCell.m; sourceTree = "<group>"; };
		28046C601C9EB84200DFE7B2 /* CustomCell.xib */ = {isa = PBXFileReference; fileEncoding = 4; lastKnownFileType = file.xib; path = CustomCell.xib; sourceTree = "<group>"; };
		28046C621C9EB84200DFE7B2 /* TableVC.h */ = {isa = PBXFileReference; fileEncoding = 4; lastKnownFileType = sourcecode.c.h; path = TableVC.h; sourceTree = "<group>"; };
		28046C631C9EB84200DFE7B2 /* TableVC.m */ = {isa = PBXFileReference; fileEncoding = 4; lastKnownFileType = sourcecode.c.objc; path = TableVC.m; sourceTree = "<group>"; };
		28046C641C9EB84200DFE7B2 /* TableVC.xib */ = {isa = PBXFileReference; fileEncoding = 4; lastKnownFileType = file.xib; path = TableVC.xib; sourceTree = "<group>"; };
		28046C6A1C9EBA9000DFE7B2 /* MainVC.h */ = {isa = PBXFileReference; fileEncoding = 4; lastKnownFileType = sourcecode.c.h; path = MainVC.h; sourceTree = "<group>"; };
		28046C6B1C9EBA9000DFE7B2 /* MainVC.m */ = {isa = PBXFileReference; fileEncoding = 4; lastKnownFileType = sourcecode.c.objc; path = MainVC.m; sourceTree = "<group>"; };
		28046C6C1C9EBA9000DFE7B2 /* MainVC.xib */ = {isa = PBXFileReference; fileEncoding = 4; lastKnownFileType = file.xib; path = MainVC.xib; sourceTree = "<group>"; };
		28046C6F1C9ECF5900DFE7B2 /* GitHubAPIController.h */ = {isa = PBXFileReference; fileEncoding = 4; lastKnownFileType = sourcecode.c.h; path = GitHubAPIController.h; sourceTree = "<group>"; };
		28046C701C9ECF5900DFE7B2 /* GitHubAPIController.m */ = {isa = PBXFileReference; fileEncoding = 4; lastKnownFileType = sourcecode.c.objc; path = GitHubAPIController.m; sourceTree = "<group>"; };
		282FF89C1CA9A4F300E9D2D9 /* NSString+LoginHelper.h */ = {isa = PBXFileReference; fileEncoding = 4; lastKnownFileType = sourcecode.c.h; name = "NSString+LoginHelper.h"; path = "Common/NSString+LoginHelper.h"; sourceTree = SOURCE_ROOT; };
		282FF89D1CA9A4F300E9D2D9 /* NSString+LoginHelper.m */ = {isa = PBXFileReference; fileEncoding = 4; lastKnownFileType = sourcecode.c.objc; name = "NSString+LoginHelper.m"; path = "Common/NSString+LoginHelper.m"; sourceTree = SOURCE_ROOT; };
		28C06F841CA325E5000C70F5 /* Repository.h */ = {isa = PBXFileReference; fileEncoding = 4; lastKnownFileType = sourcecode.c.h; path = Repository.h; sourceTree = "<group>"; };
		28C06F851CA325E5000C70F5 /* Repository.m */ = {isa = PBXFileReference; fileEncoding = 4; lastKnownFileType = sourcecode.c.objc; path = Repository.m; sourceTree = "<group>"; };
		38E3AB3B6AEC48B998DCFB9B /* libPods.a */ = {isa = PBXFileReference; explicitFileType = archive.ar; includeInIndex = 0; path = libPods.a; sourceTree = BUILT_PRODUCTS_DIR; };
		64BACCBBBF19D215406AD00E /* Pods.release.xcconfig */ = {isa = PBXFileReference; includeInIndex = 1; lastKnownFileType = text.xcconfig; name = Pods.release.xcconfig; path = "Pods/Target Support Files/Pods/Pods.release.xcconfig"; sourceTree = "<group>"; };
		C0A6A53BB47D4E045FF9FDCF /* Pods.debug.xcconfig */ = {isa = PBXFileReference; includeInIndex = 1; lastKnownFileType = text.xcconfig; name = Pods.debug.xcconfig; path = "Pods/Target Support Files/Pods/Pods.debug.xcconfig"; sourceTree = "<group>"; };
/* End PBXFileReference section */

/* Begin PBXFrameworksBuildPhase section */
		28046C1C1C9EB5F100DFE7B2 /* Frameworks */ = {
			isa = PBXFrameworksBuildPhase;
			buildActionMask = 2147483647;
			files = (
				2D1A18D27C033BF18F8CDD49 /* libPods.a in Frameworks */,
			);
			runOnlyForDeploymentPostprocessing = 0;
		};
/* End PBXFrameworksBuildPhase section */

/* Begin PBXGroup section */
		12A4CF1509750D12187B2641 /* Frameworks */ = {
			isa = PBXGroup;
			children = (
				38E3AB3B6AEC48B998DCFB9B /* libPods.a */,
			);
			name = Frameworks;
			sourceTree = "<group>";
		};
		28046C161C9EB5F100DFE7B2 = {
			isa = PBXGroup;
			children = (
				282FF89B1CA9A46B00E9D2D9 /* Common */,
				28046C531C9EB71300DFE7B2 /* Internal */,
				28046C481C9EB70E00DFE7B2 /* Resourses */,
				28046C201C9EB5F100DFE7B2 /* Products */,
				3D3116BCCFF59C8FAAD69EEE /* Pods */,
				12A4CF1509750D12187B2641 /* Frameworks */,
			);
			sourceTree = "<group>";
		};
		28046C201C9EB5F100DFE7B2 /* Products */ = {
			isa = PBXGroup;
			children = (
				28046C1F1C9EB5F100DFE7B2 /* Lab_8.app */,
			);
			name = Products;
			sourceTree = "<group>";
		};
		28046C481C9EB70E00DFE7B2 /* Resourses */ = {
			isa = PBXGroup;
			children = (
				28046C491C9EB70E00DFE7B2 /* LaunchScreen.xib */,
				28046C4B1C9EB70E00DFE7B2 /* Main.storyboard */,
				28046C4D1C9EB70E00DFE7B2 /* Images.xcassets */,
				28046C4E1C9EB70E00DFE7B2 /* Info.plist */,
			);
			path = Resourses;
			sourceTree = "<group>";
		};
		28046C531C9EB71300DFE7B2 /* Internal */ = {
			isa = PBXGroup;
			children = (
				28046C5D1C9EB84200DFE7B2 /* Model */,
				28046C611C9EB84200DFE7B2 /* ViewController */,
				28046C541C9EB71300DFE7B2 /* AppDelegate.h */,
				28046C5C1C9EB84200DFE7B2 /* AppDelegate.m */,
				28046C561C9EB71300DFE7B2 /* main.m */,
			);
			path = Internal;
			sourceTree = "<group>";
		};
		28046C5D1C9EB84200DFE7B2 /* Model */ = {
			isa = PBXGroup;
			children = (
				28046C5E1C9EB84200DFE7B2 /* CustomCell.h */,
				28046C5F1C9EB84200DFE7B2 /* CustomCell.m */,
				28046C601C9EB84200DFE7B2 /* CustomCell.xib */,
				28046C6F1C9ECF5900DFE7B2 /* GitHubAPIController.h */,
				28046C701C9ECF5900DFE7B2 /* GitHubAPIController.m */,
				28C06F841CA325E5000C70F5 /* Repository.h */,
				28C06F851CA325E5000C70F5 /* Repository.m */,
			);
			path = Model;
			sourceTree = "<group>";
		};
		28046C611C9EB84200DFE7B2 /* ViewController */ = {
			isa = PBXGroup;
			children = (
				28046C621C9EB84200DFE7B2 /* TableVC.h */,
				28046C631C9EB84200DFE7B2 /* TableVC.m */,
				28046C641C9EB84200DFE7B2 /* TableVC.xib */,
				28046C6A1C9EBA9000DFE7B2 /* MainVC.h */,
				28046C6B1C9EBA9000DFE7B2 /* MainVC.m */,
				28046C6C1C9EBA9000DFE7B2 /* MainVC.xib */,
			);
			path = ViewController;
			sourceTree = "<group>";
		};
		282FF89B1CA9A46B00E9D2D9 /* Common */ = {
			isa = PBXGroup;
			children = (
				282FF89C1CA9A4F300E9D2D9 /* NSString+LoginHelper.h */,
				282FF89D1CA9A4F300E9D2D9 /* NSString+LoginHelper.m */,
			);
			name = Common;
			path = Commom;
			sourceTree = "<group>";
		};
		3D3116BCCFF59C8FAAD69EEE /* Pods */ = {
			isa = PBXGroup;
			children = (
				C0A6A53BB47D4E045FF9FDCF /* Pods.debug.xcconfig */,
				64BACCBBBF19D215406AD00E /* Pods.release.xcconfig */,
			);
			name = Pods;
			sourceTree = "<group>";
		};
/* End PBXGroup section */

/* Begin PBXNativeTarget section */
		28046C1E1C9EB5F100DFE7B2 /* Lab_8 */ = {
			isa = PBXNativeTarget;
			buildConfigurationList = 28046C421C9EB5F100DFE7B2 /* Build configuration list for PBXNativeTarget "Lab_8" */;
			buildPhases = (
				287A2AD109E60719098D72C8 /* Check Pods Manifest.lock */,
				28046C1B1C9EB5F100DFE7B2 /* Sources */,
				28046C1C1C9EB5F100DFE7B2 /* Frameworks */,
				28046C1D1C9EB5F100DFE7B2 /* Resources */,
				632A04E6D2FA768904D38AD8 /* Embed Pods Frameworks */,
				27A4E4302A7AC436E92BEDE8 /* Copy Pods Resources */,
			);
			buildRules = (
			);
			dependencies = (
			);
			name = Lab_8;
			productName = Lab_8;
			productReference = 28046C1F1C9EB5F100DFE7B2 /* Lab_8.app */;
			productType = "com.apple.product-type.application";
		};
/* End PBXNativeTarget section */

/* Begin PBXProject section */
		28046C171C9EB5F100DFE7B2 /* Project object */ = {
			isa = PBXProject;
			attributes = {
				LastUpgradeCheck = 0640;
				ORGANIZATIONNAME = Dmitrii;
				TargetAttributes = {
					28046C1E1C9EB5F100DFE7B2 = {
						CreatedOnToolsVersion = 6.4;
					};
				};
			};
			buildConfigurationList = 28046C1A1C9EB5F100DFE7B2 /* Build configuration list for PBXProject "Lab_8" */;
			compatibilityVersion = "Xcode 3.2";
			developmentRegion = English;
			hasScannedForEncodings = 0;
			knownRegions = (
				en,
				Base,
			);
			mainGroup = 28046C161C9EB5F100DFE7B2;
			productRefGroup = 28046C201C9EB5F100DFE7B2 /* Products */;
			projectDirPath = "";
			projectRoot = "";
			targets = (
				28046C1E1C9EB5F100DFE7B2 /* Lab_8 */,
			);
		};
/* End PBXProject section */

/* Begin PBXResourcesBuildPhase section */
		28046C1D1C9EB5F100DFE7B2 /* Resources */ = {
			isa = PBXResourcesBuildPhase;
			buildActionMask = 2147483647;
			files = (
				28046C691C9EB84200DFE7B2 /* TableVC.xib in Resources */,
				28046C511C9EB70E00DFE7B2 /* Images.xcassets in Resources */,
				28046C4F1C9EB70E00DFE7B2 /* LaunchScreen.xib in Resources */,
				28046C6E1C9EBA9000DFE7B2 /* MainVC.xib in Resources */,
				28046C671C9EB84200DFE7B2 /* CustomCell.xib in Resources */,
				28046C501C9EB70E00DFE7B2 /* Main.storyboard in Resources */,
			);
			runOnlyForDeploymentPostprocessing = 0;
		};
/* End PBXResourcesBuildPhase section */

/* Begin PBXShellScriptBuildPhase section */
		27A4E4302A7AC436E92BEDE8 /* Copy Pods Resources */ = {
			isa = PBXShellScriptBuildPhase;
			buildActionMask = 2147483647;
			files = (
			);
			inputPaths = (
			);
			name = "Copy Pods Resources";
			outputPaths = (
			);
			runOnlyForDeploymentPostprocessing = 0;
			shellPath = /bin/sh;
			shellScript = "\"${SRCROOT}/Pods/Target Support Files/Pods/Pods-resources.sh\"\n";
			showEnvVarsInLog = 0;
		};
		287A2AD109E60719098D72C8 /* Check Pods Manifest.lock */ = {
			isa = PBXShellScriptBuildPhase;
			buildActionMask = 2147483647;
			files = (
			);
			inputPaths = (
			);
			name = "Check Pods Manifest.lock";
			outputPaths = (
			);
			runOnlyForDeploymentPostprocessing = 0;
			shellPath = /bin/sh;
			shellScript = "diff \"${PODS_ROOT}/../Podfile.lock\" \"${PODS_ROOT}/Manifest.lock\" > /dev/null\nif [[ $? != 0 ]] ; then\n    cat << EOM\nerror: The sandbox is not in sync with the Podfile.lock. Run 'pod install' or update your CocoaPods installation.\nEOM\n    exit 1\nfi\n";
			showEnvVarsInLog = 0;
		};
		632A04E6D2FA768904D38AD8 /* Embed Pods Frameworks */ = {
			isa = PBXShellScriptBuildPhase;
			buildActionMask = 2147483647;
			files = (
			);
			inputPaths = (
			);
			name = "Embed Pods Frameworks";
			outputPaths = (
			);
			runOnlyForDeploymentPostprocessing = 0;
			shellPath = /bin/sh;
			shellScript = "\"${SRCROOT}/Pods/Target Support Files/Pods/Pods-frameworks.sh\"\n";
			showEnvVarsInLog = 0;
		};
/* End PBXShellScriptBuildPhase section */

/* Begin PBXSourcesBuildPhase section */
		28046C1B1C9EB5F100DFE7B2 /* Sources */ = {
			isa = PBXSourcesBuildPhase;
			buildActionMask = 2147483647;
			files = (
				28046C681C9EB84200DFE7B2 /* TableVC.m in Sources */,
				28046C711C9ECF5900DFE7B2 /* GitHubAPIController.m in Sources */,
				28C06F861CA325E5000C70F5 /* Repository.m in Sources */,
				28046C5A1C9EB71300DFE7B2 /* main.m in Sources */,
				28046C6D1C9EBA9000DFE7B2 /* MainVC.m in Sources */,
				282FF89E1CA9A4F300E9D2D9 /* NSString+LoginHelper.m in Sources */,
				28046C661C9EB84200DFE7B2 /* CustomCell.m in Sources */,
				28046C651C9EB84200DFE7B2 /* AppDelegate.m in Sources */,
			);
			runOnlyForDeploymentPostprocessing = 0;
		};
/* End PBXSourcesBuildPhase section */

/* Begin PBXVariantGroup section */
		28046C491C9EB70E00DFE7B2 /* LaunchScreen.xib */ = {
			isa = PBXVariantGroup;
			children = (
				28046C4A1C9EB70E00DFE7B2 /* Base */,
			);
			name = LaunchScreen.xib;
			sourceTree = "<group>";
		};
		28046C4B1C9EB70E00DFE7B2 /* Main.storyboard */ = {
			isa = PBXVariantGroup;
			children = (
				28046C4C1C9EB70E00DFE7B2 /* Base */,
			);
			name = Main.storyboard;
			sourceTree = "<group>";
		};
/* End PBXVariantGroup section */

/* Begin XCBuildConfiguration section */
		28046C401C9EB5F100DFE7B2 /* Debug */ = {
			isa = XCBuildConfiguration;
			buildSettings = {
				ALWAYS_SEARCH_USER_PATHS = NO;
				CLANG_CXX_LANGUAGE_STANDARD = "gnu++0x";
				CLANG_CXX_LIBRARY = "libc++";
				CLANG_ENABLE_MODULES = YES;
				CLANG_ENABLE_OBJC_ARC = YES;
				CLANG_WARN_BOOL_CONVERSION = YES;
				CLANG_WARN_CONSTANT_CONVERSION = YES;
				CLANG_WARN_DIRECT_OBJC_ISA_USAGE = YES_ERROR;
				CLANG_WARN_EMPTY_BODY = YES;
				CLANG_WARN_ENUM_CONVERSION = YES;
				CLANG_WARN_INT_CONVERSION = YES;
				CLANG_WARN_OBJC_ROOT_CLASS = YES_ERROR;
				CLANG_WARN_UNREACHABLE_CODE = YES;
				CLANG_WARN__DUPLICATE_METHOD_MATCH = YES;
				"CODE_SIGN_IDENTITY[sdk=iphoneos*]" = "iPhone Developer";
				COPY_PHASE_STRIP = NO;
				DEBUG_INFORMATION_FORMAT = "dwarf-with-dsym";
				ENABLE_STRICT_OBJC_MSGSEND = YES;
				GCC_C_LANGUAGE_STANDARD = gnu99;
				GCC_DYNAMIC_NO_PIC = NO;
				GCC_NO_COMMON_BLOCKS = YES;
				GCC_OPTIMIZATION_LEVEL = 0;
				GCC_PREPROCESSOR_DEFINITIONS = (
					"DEBUG=1",
					"$(inherited)",
				);
				GCC_SYMBOLS_PRIVATE_EXTERN = NO;
				GCC_WARN_64_TO_32_BIT_CONVERSION = YES;
				GCC_WARN_ABOUT_RETURN_TYPE = YES_ERROR;
				GCC_WARN_UNDECLARED_SELECTOR = YES;
				GCC_WARN_UNINITIALIZED_AUTOS = YES_AGGRESSIVE;
				GCC_WARN_UNUSED_FUNCTION = YES;
				GCC_WARN_UNUSED_VARIABLE = YES;
				IPHONEOS_DEPLOYMENT_TARGET = 8.4;
				MTL_ENABLE_DEBUG_INFO = YES;
				ONLY_ACTIVE_ARCH = YES;
				SDKROOT = iphoneos;
				TARGETED_DEVICE_FAMILY = "1,2";
			};
			name = Debug;
		};
		28046C411C9EB5F100DFE7B2 /* Release */ = {
			isa = XCBuildConfiguration;
			buildSettings = {
				ALWAYS_SEARCH_USER_PATHS = NO;
				CLANG_CXX_LANGUAGE_STANDARD = "gnu++0x";
				CLANG_CXX_LIBRARY = "libc++";
				CLANG_ENABLE_MODULES = YES;
				CLANG_ENABLE_OBJC_ARC = YES;
				CLANG_WARN_BOOL_CONVERSION = YES;
				CLANG_WARN_CONSTANT_CONVERSION = YES;
				CLANG_WARN_DIRECT_OBJC_ISA_USAGE = YES_ERROR;
				CLANG_WARN_EMPTY_BODY = YES;
				CLANG_WARN_ENUM_CONVERSION = YES;
				CLANG_WARN_INT_CONVERSION = YES;
				CLANG_WARN_OBJC_ROOT_CLASS = YES_ERROR;
				CLANG_WARN_UNREACHABLE_CODE = YES;
				CLANG_WARN__DUPLICATE_METHOD_MATCH = YES;
				"CODE_SIGN_IDENTITY[sdk=iphoneos*]" = "iPhone Developer";
				COPY_PHASE_STRIP = NO;
				DEBUG_INFORMATION_FORMAT = "dwarf-with-dsym";
				ENABLE_NS_ASSERTIONS = NO;
				ENABLE_STRICT_OBJC_MSGSEND = YES;
				GCC_C_LANGUAGE_STANDARD = gnu99;
				GCC_NO_COMMON_BLOCKS = YES;
				GCC_WARN_64_TO_32_BIT_CONVERSION = YES;
				GCC_WARN_ABOUT_RETURN_TYPE = YES_ERROR;
				GCC_WARN_UNDECLARED_SELECTOR = YES;
				GCC_WARN_UNINITIALIZED_AUTOS = YES_AGGRESSIVE;
				GCC_WARN_UNUSED_FUNCTION = YES;
				GCC_WARN_UNUSED_VARIABLE = YES;
				IPHONEOS_DEPLOYMENT_TARGET = 8.4;
				MTL_ENABLE_DEBUG_INFO = NO;
				SDKROOT = iphoneos;
				TARGETED_DEVICE_FAMILY = "1,2";
				VALIDATE_PRODUCT = YES;
			};
			name = Release;
		};
		28046C431C9EB5F100DFE7B2 /* Debug */ = {
			isa = XCBuildConfiguration;
			baseConfigurationReference = C0A6A53BB47D4E045FF9FDCF /* Pods.debug.xcconfig */;
			buildSettings = {
				ASSETCATALOG_COMPILER_APPICON_NAME = AppIcon;
				INFOPLIST_FILE = "$(SRCROOT)/Resourses/Info.plist";
				LD_RUNPATH_SEARCH_PATHS = "$(inherited) @executable_path/Frameworks";
				PRODUCT_NAME = "$(TARGET_NAME)";
			};
			name = Debug;
		};
		28046C441C9EB5F100DFE7B2 /* Release */ = {
			isa = XCBuildConfiguration;
			baseConfigurationReference = 64BACCBBBF19D215406AD00E /* Pods.release.xcconfig */;
			buildSettings = {
				ASSETCATALOG_COMPILER_APPICON_NAME = AppIcon;
				INFOPLIST_FILE = "$(SRCROOT)/Resourses/Info.plist";
				LD_RUNPATH_SEARCH_PATHS = "$(inherited) @executable_path/Frameworks";
				PRODUCT_NAME = "$(TARGET_NAME)";
			};
			name = Release;
		};
/* End XCBuildConfiguration section */

/* Begin XCConfigurationList section */
		28046C1A1C9EB5F100DFE7B2 /* Build configuration list for PBXProject "Lab_8" */ = {
			isa = XCConfigurationList;
			buildConfigurations = (
				28046C401C9EB5F100DFE7B2 /* Debug */,
				28046C411C9EB5F100DFE7B2 /* Release */,
			);
			defaultConfigurationIsVisible = 0;
			defaultConfigurationName = Release;
		};
		28046C421C9EB5F100DFE7B2 /* Build configuration list for PBXNativeTarget "Lab_8" */ = {
			isa = XCConfigurationList;
			buildConfigurations = (
				28046C431C9EB5F100DFE7B2 /* Debug */,
				28046C441C9EB5F100DFE7B2 /* Release */,
			);
			defaultConfigurationIsVisible = 0;
			defaultConfigurationName = Release;
		};
/* End XCConfigurationList section */
	};
	rootObject = 28046C171C9EB5F100DFE7B2 /* Project object */;
}
